
Microsoft Visual Studio Solution File, Format Version 12.00
# Visual Studio Version 17
VisualStudioVersion = 17.13.35825.156
MinimumVisualStudioVersion = 10.0.40219.1
Project("{FAE04EC0-301F-11D3-BF4B-00C04F79EFBC}") = "webTiendaVinilos", "webTiendaVinilos\webTiendaVinilos.csproj", "{A1D46299-1A9F-451C-9AB5-75EC35EAAC01}"
EndProject
Global
	GlobalSection(SolutionConfigurationPlatforms) = preSolution
		Debug|Any CPU = Debug|Any CPU
		Release|Any CPU = Release|Any CPU
	EndGlobalSection
	GlobalSection(ProjectConfigurationPlatforms) = postSolution
		{A1D46299-1A9F-451C-9AB5-75EC35EAAC01}.Debug|Any CPU.ActiveCfg = Debug|Any CPU
		{A1D46299-1A9F-451C-9AB5-75EC35EAAC01}.Debug|Any CPU.Build.0 = Debug|Any CPU
		{A1D46299-1A9F-451C-9AB5-75EC35EAAC01}.Release|Any CPU.ActiveCfg = Release|Any CPU
		{A1D46299-1A9F-451C-9AB5-75EC35EAAC01}.Release|Any CPU.Build.0 = Release|Any CPU
	EndGlobalSection
	GlobalSection(SolutionProperties) = preSolution
		HideSolutionNode = FALSE
	EndGlobalSection
	GlobalSection(ExtensibilityGlobals) = postSolution
		SolutionGuid = {364D12C1-17FE-4265-B177-F3C79ECBB952}
	EndGlobalSection
EndGlobal
